// !$*UTF8*$!
{
	archiveVersion = 1;
	classes = {
	};
	objectVersion = 56;
	objects = {

/* Begin PBXBuildFile section */
		6940AB382B51DD820032AEB0 /* ScreenHeaderView.swift in Sources */ = {isa = PBXBuildFile; fileRef = 6940AB372B51DD820032AEB0 /* ScreenHeaderView.swift */; };
		6940AB3B2B51DE0B0032AEB0 /* GoodRowView.swift in Sources */ = {isa = PBXBuildFile; fileRef = 6940AB3A2B51DE0B0032AEB0 /* GoodRowView.swift */; };
		6940AB3E2B51E0BA0032AEB0 /* SettingsRowView.swift in Sources */ = {isa = PBXBuildFile; fileRef = 6940AB3D2B51E0BA0032AEB0 /* SettingsRowView.swift */; };
		6940AB412B51EC3D0032AEB0 /* SingleSettingView.swift in Sources */ = {isa = PBXBuildFile; fileRef = 6940AB402B51EC3D0032AEB0 /* SingleSettingView.swift */; };
		6940AB442B5440CA0032AEB0 /* AdressesViewModel.swift in Sources */ = {isa = PBXBuildFile; fileRef = 6940AB432B5440CA0032AEB0 /* AdressesViewModel.swift */; };
		6940AB462B5440D50032AEB0 /* AddressesView.swift in Sources */ = {isa = PBXBuildFile; fileRef = 6940AB452B5440D50032AEB0 /* AddressesView.swift */; };
		6940AB492B5441500032AEB0 /* PaymentsViewModel.swift in Sources */ = {isa = PBXBuildFile; fileRef = 6940AB482B5441500032AEB0 /* PaymentsViewModel.swift */; };
		6940AB4B2B54415F0032AEB0 /* PaymentsView.swift in Sources */ = {isa = PBXBuildFile; fileRef = 6940AB4A2B54415F0032AEB0 /* PaymentsView.swift */; };
		6940AB4D2B54582D0032AEB0 /* BoxStyles.swift in Sources */ = {isa = PBXBuildFile; fileRef = 6940AB4C2B54582D0032AEB0 /* BoxStyles.swift */; };
		6940AB4F2B54716C0032AEB0 /* AddressesProvider.swift in Sources */ = {isa = PBXBuildFile; fileRef = 6940AB4E2B54716C0032AEB0 /* AddressesProvider.swift */; };
		6940AB512B54721B0032AEB0 /* AddressesEntity.swift in Sources */ = {isa = PBXBuildFile; fileRef = 6940AB502B54721B0032AEB0 /* AddressesEntity.swift */; };
		6940AB532B5481B60032AEB0 /* PaymentAccountsProvider.swift in Sources */ = {isa = PBXBuildFile; fileRef = 6940AB522B5481B60032AEB0 /* PaymentAccountsProvider.swift */; };
		6940AB552B5481FF0032AEB0 /* PaymentAccountsEntity.swift in Sources */ = {isa = PBXBuildFile; fileRef = 6940AB542B5481FF0032AEB0 /* PaymentAccountsEntity.swift */; };
		6940AB572B548D650032AEB0 /* Address.swift in Sources */ = {isa = PBXBuildFile; fileRef = 6940AB562B548D650032AEB0 /* Address.swift */; };
		6940AB592B5492360032AEB0 /* PaymentAccount.swift in Sources */ = {isa = PBXBuildFile; fileRef = 6940AB582B5492360032AEB0 /* PaymentAccount.swift */; };
		6940AB5B2B54953E0032AEB0 /* PaymentMethod.swift in Sources */ = {isa = PBXBuildFile; fileRef = 6940AB5A2B54953E0032AEB0 /* PaymentMethod.swift */; };
		6941BCE22B4F3E4D000B8279 /* Algorithms in Frameworks */ = {isa = PBXBuildFile; productRef = 6941BCE12B4F3E4D000B8279 /* Algorithms */; };
		699182852B573402007E06EF /* CartEntity.swift in Sources */ = {isa = PBXBuildFile; fileRef = 699182842B573401007E06EF /* CartEntity.swift */; };
		699182872B573411007E06EF /* CartProvider.swift in Sources */ = {isa = PBXBuildFile; fileRef = 699182862B573411007E06EF /* CartProvider.swift */; };
		699182892B573523007E06EF /* ThreadExtensions.swift in Sources */ = {isa = PBXBuildFile; fileRef = 699182882B573523007E06EF /* ThreadExtensions.swift */; };
		699BCC202B47216B0084155C /* TextExtensions.swift in Sources */ = {isa = PBXBuildFile; fileRef = 699BCC1F2B47216B0084155C /* TextExtensions.swift */; };
		699BCC262B4725110084155C /* BrandTextStyles.swift in Sources */ = {isa = PBXBuildFile; fileRef = 699BCC252B4725110084155C /* BrandTextStyles.swift */; };
		699BCC2E2B4860770084155C /* Resolver in Frameworks */ = {isa = PBXBuildFile; productRef = 699BCC2D2B4860770084155C /* Resolver */; };
		699BCC302B4860770084155C /* Resolver-Dynamic in Frameworks */ = {isa = PBXBuildFile; productRef = 699BCC2F2B4860770084155C /* Resolver-Dynamic */; };
		699BCC322B4860770084155C /* Resolver-Static in Frameworks */ = {isa = PBXBuildFile; productRef = 699BCC312B4860770084155C /* Resolver-Static */; };
		69AE72B42B3E0E1E0085902B /* q_shopApp.swift in Sources */ = {isa = PBXBuildFile; fileRef = 69AE72B32B3E0E1E0085902B /* q_shopApp.swift */; };
		69AE72B82B3E0E1E0085902B /* Assets.xcassets in Resources */ = {isa = PBXBuildFile; fileRef = 69AE72B72B3E0E1E0085902B /* Assets.xcassets */; };
		69AE72BB2B3E0E1E0085902B /* Preview Assets.xcassets in Resources */ = {isa = PBXBuildFile; fileRef = 69AE72BA2B3E0E1E0085902B /* Preview Assets.xcassets */; };
		69AE72C82B3E0F700085902B /* GoogleService-Info.plist in Resources */ = {isa = PBXBuildFile; fileRef = 69AE72C72B3E0F700085902B /* GoogleService-Info.plist */; };
		69AE72CB2B3E0FB90085902B /* FirebaseAnalytics in Frameworks */ = {isa = PBXBuildFile; productRef = 69AE72CA2B3E0FB90085902B /* FirebaseAnalytics */; };
		69AE72CD2B3E0FB90085902B /* FirebaseAnalyticsOnDeviceConversion in Frameworks */ = {isa = PBXBuildFile; productRef = 69AE72CC2B3E0FB90085902B /* FirebaseAnalyticsOnDeviceConversion */; };
		69AE72CF2B3E0FB90085902B /* FirebaseAnalyticsSwift in Frameworks */ = {isa = PBXBuildFile; productRef = 69AE72CE2B3E0FB90085902B /* FirebaseAnalyticsSwift */; };
		69AE72D12B3E0FB90085902B /* FirebaseAnalyticsWithoutAdIdSupport in Frameworks */ = {isa = PBXBuildFile; productRef = 69AE72D02B3E0FB90085902B /* FirebaseAnalyticsWithoutAdIdSupport */; };
		69AE72D32B3E0FB90085902B /* FirebaseAppCheck in Frameworks */ = {isa = PBXBuildFile; productRef = 69AE72D22B3E0FB90085902B /* FirebaseAppCheck */; };
		69AE72D72B3E10250085902B /* LoginScreenView.swift in Sources */ = {isa = PBXBuildFile; fileRef = 69AE72D62B3E10250085902B /* LoginScreenView.swift */; };
		69AE72DA2B3E10610085902B /* ShowcaseScreenView.swift in Sources */ = {isa = PBXBuildFile; fileRef = 69AE72D92B3E10610085902B /* ShowcaseScreenView.swift */; };
		69AE72DE2B3E10B70085902B /* SingleGoodDetailsScreenView.swift in Sources */ = {isa = PBXBuildFile; fileRef = 69AE72DD2B3E10B70085902B /* SingleGoodDetailsScreenView.swift */; };
		69AE72E02B3E10CF0085902B /* ProfileScreenView.swift in Sources */ = {isa = PBXBuildFile; fileRef = 69AE72DF2B3E10CF0085902B /* ProfileScreenView.swift */; };
		69AE72E42B3E10EF0085902B /* CheckoutScreenView.swift in Sources */ = {isa = PBXBuildFile; fileRef = 69AE72E32B3E10EF0085902B /* CheckoutScreenView.swift */; };
		69AE72E72B3E111B0085902B /* LoginScreenViewModel.swift in Sources */ = {isa = PBXBuildFile; fileRef = 69AE72E62B3E111B0085902B /* LoginScreenViewModel.swift */; };
		69AE72E92B3E11310085902B /* ShowcaseScreenViewModel.swift in Sources */ = {isa = PBXBuildFile; fileRef = 69AE72E82B3E11310085902B /* ShowcaseScreenViewModel.swift */; };
		69AE72EB2B3E11450085902B /* SingleGoodDetailsScreenViewModel.swift in Sources */ = {isa = PBXBuildFile; fileRef = 69AE72EA2B3E11450085902B /* SingleGoodDetailsScreenViewModel.swift */; };
		69AE72ED2B3E11510085902B /* ProfileScreenViewModel.swift in Sources */ = {isa = PBXBuildFile; fileRef = 69AE72EC2B3E11510085902B /* ProfileScreenViewModel.swift */; };
		69AE72F12B3E116A0085902B /* CheckoutScreenViewModel.swift in Sources */ = {isa = PBXBuildFile; fileRef = 69AE72F02B3E116A0085902B /* CheckoutScreenViewModel.swift */; };
		69AE72F32B3E118B0085902B /* UserEntity.swift in Sources */ = {isa = PBXBuildFile; fileRef = 69AE72F22B3E118B0085902B /* UserEntity.swift */; };
		69AE72F52B3E11980085902B /* GoodEntity.swift in Sources */ = {isa = PBXBuildFile; fileRef = 69AE72F42B3E11980085902B /* GoodEntity.swift */; };
		69AE72F92B3E11C40085902B /* OrderEntity.swift in Sources */ = {isa = PBXBuildFile; fileRef = 69AE72F82B3E11C40085902B /* OrderEntity.swift */; };
		69AE72FB2B3E11E00085902B /* AuthService.swift in Sources */ = {isa = PBXBuildFile; fileRef = 69AE72FA2B3E11E00085902B /* AuthService.swift */; };
		69AE72FE2B3E12360085902B /* ShowcaseProvider.swift in Sources */ = {isa = PBXBuildFile; fileRef = 69AE72FD2B3E12360085902B /* ShowcaseProvider.swift */; };
		69AE73022B3E12500085902B /* CheckoutProvider.swift in Sources */ = {isa = PBXBuildFile; fileRef = 69AE73012B3E12500085902B /* CheckoutProvider.swift */; };
		69AE73042B3E125F0085902B /* UserProvider.swift in Sources */ = {isa = PBXBuildFile; fileRef = 69AE73032B3E125F0085902B /* UserProvider.swift */; };
		69AE73132B3E13890085902B /* FirebaseAuth in Frameworks */ = {isa = PBXBuildFile; productRef = 69AE73122B3E13890085902B /* FirebaseAuth */; };
		69AE73152B3E138E0085902B /* FirebaseFirestore in Frameworks */ = {isa = PBXBuildFile; productRef = 69AE73142B3E138E0085902B /* FirebaseFirestore */; };
		69AE731B2B3E145E0085902B /* RegisterFormView.swift in Sources */ = {isa = PBXBuildFile; fileRef = 69AE73182B3E145E0085902B /* RegisterFormView.swift */; };
		69AE731C2B3E145E0085902B /* LoginFormView.swift in Sources */ = {isa = PBXBuildFile; fileRef = 69AE73192B3E145E0085902B /* LoginFormView.swift */; };
		69AE731D2B3E145E0085902B /* BrandButtonView.swift in Sources */ = {isa = PBXBuildFile; fileRef = 69AE731A2B3E145E0085902B /* BrandButtonView.swift */; };
		69AE731F2B3E148F0085902B /* RegisterScreenView.swift in Sources */ = {isa = PBXBuildFile; fileRef = 69AE731E2B3E148F0085902B /* RegisterScreenView.swift */; };
		69AE73212B3E14AB0085902B /* RegisterScreenViewModel.swift in Sources */ = {isa = PBXBuildFile; fileRef = 69AE73202B3E14AB0085902B /* RegisterScreenViewModel.swift */; };
		69AE73232B3E16DA0085902B /* RootView.swift in Sources */ = {isa = PBXBuildFile; fileRef = 69AE73222B3E16DA0085902B /* RootView.swift */; };
		69AE73252B3E16E60085902B /* RootViewModel.swift in Sources */ = {isa = PBXBuildFile; fileRef = 69AE73242B3E16E60085902B /* RootViewModel.swift */; };
		69AE732B2B3E1AE70085902B /* BrandColors.swift in Sources */ = {isa = PBXBuildFile; fileRef = 69AE732A2B3E1AE70085902B /* BrandColors.swift */; };
		69AE732E2B3E1D500085902B /* ColorExtensions.swift in Sources */ = {isa = PBXBuildFile; fileRef = 69AE732D2B3E1D500085902B /* ColorExtensions.swift */; };
		69AE73302B3F3F2E0085902B /* SearchBarView.swift in Sources */ = {isa = PBXBuildFile; fileRef = 69AE732F2B3F3F2E0085902B /* SearchBarView.swift */; };
		69AE73322B3F476E0085902B /* ViewConstraints.swift in Sources */ = {isa = PBXBuildFile; fileRef = 69AE73312B3F476E0085902B /* ViewConstraints.swift */; };
		69AE73342B3F4A360085902B /* FiltersBarView.swift in Sources */ = {isa = PBXBuildFile; fileRef = 69AE73332B3F4A360085902B /* FiltersBarView.swift */; };
		69AE73362B408EF60085902B /* GoodsListView.swift in Sources */ = {isa = PBXBuildFile; fileRef = 69AE73352B408EF60085902B /* GoodsListView.swift */; };
		69AE73382B408F290085902B /* GoodItemView.swift in Sources */ = {isa = PBXBuildFile; fileRef = 69AE73372B408F290085902B /* GoodItemView.swift */; };
		69AE733A2B40B2C50085902B /* QuantityButtonView.swift in Sources */ = {isa = PBXBuildFile; fileRef = 69AE73392B40B2C50085902B /* QuantityButtonView.swift */; };
		69EA13372B4A28C8005152D6 /* RxBlocking in Frameworks */ = {isa = PBXBuildFile; productRef = 69EA13362B4A28C8005152D6 /* RxBlocking */; };
		69EA13392B4A28C8005152D6 /* RxBlocking-Dynamic in Frameworks */ = {isa = PBXBuildFile; productRef = 69EA13382B4A28C8005152D6 /* RxBlocking-Dynamic */; };
		69EA133B2B4A28C8005152D6 /* RxCocoa in Frameworks */ = {isa = PBXBuildFile; productRef = 69EA133A2B4A28C8005152D6 /* RxCocoa */; };
		69EA133D2B4A28C8005152D6 /* RxCocoa-Dynamic in Frameworks */ = {isa = PBXBuildFile; productRef = 69EA133C2B4A28C8005152D6 /* RxCocoa-Dynamic */; };
		69EA133F2B4A28C8005152D6 /* RxRelay in Frameworks */ = {isa = PBXBuildFile; productRef = 69EA133E2B4A28C8005152D6 /* RxRelay */; };
		69EA13552B4DEE13005152D6 /* Showcase.swift in Sources */ = {isa = PBXBuildFile; fileRef = 69EA13542B4DEE13005152D6 /* Showcase.swift */; };
		69EA13582B4DF151005152D6 /* Sorting.swift in Sources */ = {isa = PBXBuildFile; fileRef = 69EA13572B4DF151005152D6 /* Sorting.swift */; };
		69FE32892B50A01B001EBDFC /* ChoiserViewModel.swift in Sources */ = {isa = PBXBuildFile; fileRef = 69FE32882B50A01B001EBDFC /* ChoiserViewModel.swift */; };
		69FE328B2B50A02C001EBDFC /* ChoiserView.swift in Sources */ = {isa = PBXBuildFile; fileRef = 69FE328A2B50A02C001EBDFC /* ChoiserView.swift */; };
/* End PBXBuildFile section */

/* Begin PBXFileReference section */
		6940AB372B51DD820032AEB0 /* ScreenHeaderView.swift */ = {isa = PBXFileReference; lastKnownFileType = sourcecode.swift; path = ScreenHeaderView.swift; sourceTree = "<group>"; };
		6940AB3A2B51DE0B0032AEB0 /* GoodRowView.swift */ = {isa = PBXFileReference; lastKnownFileType = sourcecode.swift; path = GoodRowView.swift; sourceTree = "<group>"; };
		6940AB3D2B51E0BA0032AEB0 /* SettingsRowView.swift */ = {isa = PBXFileReference; lastKnownFileType = sourcecode.swift; path = SettingsRowView.swift; sourceTree = "<group>"; };
		6940AB402B51EC3D0032AEB0 /* SingleSettingView.swift */ = {isa = PBXFileReference; lastKnownFileType = sourcecode.swift; path = SingleSettingView.swift; sourceTree = "<group>"; };
		6940AB432B5440CA0032AEB0 /* AdressesViewModel.swift */ = {isa = PBXFileReference; lastKnownFileType = sourcecode.swift; path = AdressesViewModel.swift; sourceTree = "<group>"; };
		6940AB452B5440D50032AEB0 /* AddressesView.swift */ = {isa = PBXFileReference; lastKnownFileType = sourcecode.swift; path = AddressesView.swift; sourceTree = "<group>"; };
		6940AB482B5441500032AEB0 /* PaymentsViewModel.swift */ = {isa = PBXFileReference; lastKnownFileType = sourcecode.swift; path = PaymentsViewModel.swift; sourceTree = "<group>"; };
		6940AB4A2B54415F0032AEB0 /* PaymentsView.swift */ = {isa = PBXFileReference; lastKnownFileType = sourcecode.swift; path = PaymentsView.swift; sourceTree = "<group>"; };
		6940AB4C2B54582D0032AEB0 /* BoxStyles.swift */ = {isa = PBXFileReference; lastKnownFileType = sourcecode.swift; path = BoxStyles.swift; sourceTree = "<group>"; };
		6940AB4E2B54716C0032AEB0 /* AddressesProvider.swift */ = {isa = PBXFileReference; lastKnownFileType = sourcecode.swift; path = AddressesProvider.swift; sourceTree = "<group>"; };
		6940AB502B54721B0032AEB0 /* AddressesEntity.swift */ = {isa = PBXFileReference; lastKnownFileType = sourcecode.swift; path = AddressesEntity.swift; sourceTree = "<group>"; };
		6940AB522B5481B60032AEB0 /* PaymentAccountsProvider.swift */ = {isa = PBXFileReference; lastKnownFileType = sourcecode.swift; path = PaymentAccountsProvider.swift; sourceTree = "<group>"; };
		6940AB542B5481FF0032AEB0 /* PaymentAccountsEntity.swift */ = {isa = PBXFileReference; lastKnownFileType = sourcecode.swift; path = PaymentAccountsEntity.swift; sourceTree = "<group>"; };
		6940AB562B548D650032AEB0 /* Address.swift */ = {isa = PBXFileReference; lastKnownFileType = sourcecode.swift; path = Address.swift; sourceTree = "<group>"; };
		6940AB582B5492360032AEB0 /* PaymentAccount.swift */ = {isa = PBXFileReference; lastKnownFileType = sourcecode.swift; path = PaymentAccount.swift; sourceTree = "<group>"; };
		6940AB5A2B54953E0032AEB0 /* PaymentMethod.swift */ = {isa = PBXFileReference; lastKnownFileType = sourcecode.swift; path = PaymentMethod.swift; sourceTree = "<group>"; };
		699182842B573401007E06EF /* CartEntity.swift */ = {isa = PBXFileReference; fileEncoding = 4; lastKnownFileType = sourcecode.swift; name = CartEntity.swift; path = ../../../../../../.Trash/CartEntity.swift; sourceTree = "<group>"; };
		699182862B573411007E06EF /* CartProvider.swift */ = {isa = PBXFileReference; fileEncoding = 4; lastKnownFileType = sourcecode.swift; name = CartProvider.swift; path = ../../../../../../.Trash/CartProvider.swift; sourceTree = "<group>"; };
		699182882B573523007E06EF /* ThreadExtensions.swift */ = {isa = PBXFileReference; lastKnownFileType = sourcecode.swift; path = ThreadExtensions.swift; sourceTree = "<group>"; };
		699BCC1F2B47216B0084155C /* TextExtensions.swift */ = {isa = PBXFileReference; lastKnownFileType = sourcecode.swift; path = TextExtensions.swift; sourceTree = "<group>"; };
		699BCC252B4725110084155C /* BrandTextStyles.swift */ = {isa = PBXFileReference; lastKnownFileType = sourcecode.swift; path = BrandTextStyles.swift; sourceTree = "<group>"; };
		69AE72B02B3E0E1E0085902B /* q-shop.app */ = {isa = PBXFileReference; explicitFileType = wrapper.application; includeInIndex = 0; path = "q-shop.app"; sourceTree = BUILT_PRODUCTS_DIR; };
		69AE72B32B3E0E1E0085902B /* q_shopApp.swift */ = {isa = PBXFileReference; lastKnownFileType = sourcecode.swift; path = q_shopApp.swift; sourceTree = "<group>"; };
		69AE72B72B3E0E1E0085902B /* Assets.xcassets */ = {isa = PBXFileReference; lastKnownFileType = folder.assetcatalog; path = Assets.xcassets; sourceTree = "<group>"; };
		69AE72BA2B3E0E1E0085902B /* Preview Assets.xcassets */ = {isa = PBXFileReference; lastKnownFileType = folder.assetcatalog; path = "Preview Assets.xcassets"; sourceTree = "<group>"; };
		69AE72C72B3E0F700085902B /* GoogleService-Info.plist */ = {isa = PBXFileReference; fileEncoding = 4; lastKnownFileType = text.plist.xml; path = "GoogleService-Info.plist"; sourceTree = "<group>"; };
		69AE72D62B3E10250085902B /* LoginScreenView.swift */ = {isa = PBXFileReference; lastKnownFileType = sourcecode.swift; path = LoginScreenView.swift; sourceTree = "<group>"; };
		69AE72D92B3E10610085902B /* ShowcaseScreenView.swift */ = {isa = PBXFileReference; lastKnownFileType = sourcecode.swift; path = ShowcaseScreenView.swift; sourceTree = "<group>"; };
		69AE72DD2B3E10B70085902B /* SingleGoodDetailsScreenView.swift */ = {isa = PBXFileReference; lastKnownFileType = sourcecode.swift; path = SingleGoodDetailsScreenView.swift; sourceTree = "<group>"; };
		69AE72DF2B3E10CF0085902B /* ProfileScreenView.swift */ = {isa = PBXFileReference; lastKnownFileType = sourcecode.swift; path = ProfileScreenView.swift; sourceTree = "<group>"; };
		69AE72E32B3E10EF0085902B /* CheckoutScreenView.swift */ = {isa = PBXFileReference; lastKnownFileType = sourcecode.swift; path = CheckoutScreenView.swift; sourceTree = "<group>"; };
		69AE72E62B3E111B0085902B /* LoginScreenViewModel.swift */ = {isa = PBXFileReference; lastKnownFileType = sourcecode.swift; path = LoginScreenViewModel.swift; sourceTree = "<group>"; };
		69AE72E82B3E11310085902B /* ShowcaseScreenViewModel.swift */ = {isa = PBXFileReference; lastKnownFileType = sourcecode.swift; path = ShowcaseScreenViewModel.swift; sourceTree = "<group>"; };
		69AE72EA2B3E11450085902B /* SingleGoodDetailsScreenViewModel.swift */ = {isa = PBXFileReference; lastKnownFileType = sourcecode.swift; path = SingleGoodDetailsScreenViewModel.swift; sourceTree = "<group>"; };
		69AE72EC2B3E11510085902B /* ProfileScreenViewModel.swift */ = {isa = PBXFileReference; lastKnownFileType = sourcecode.swift; path = ProfileScreenViewModel.swift; sourceTree = "<group>"; };
		69AE72F02B3E116A0085902B /* CheckoutScreenViewModel.swift */ = {isa = PBXFileReference; lastKnownFileType = sourcecode.swift; path = CheckoutScreenViewModel.swift; sourceTree = "<group>"; };
		69AE72F22B3E118B0085902B /* UserEntity.swift */ = {isa = PBXFileReference; lastKnownFileType = sourcecode.swift; path = UserEntity.swift; sourceTree = "<group>"; };
		69AE72F42B3E11980085902B /* GoodEntity.swift */ = {isa = PBXFileReference; lastKnownFileType = sourcecode.swift; path = GoodEntity.swift; sourceTree = "<group>"; };
		69AE72F82B3E11C40085902B /* OrderEntity.swift */ = {isa = PBXFileReference; lastKnownFileType = sourcecode.swift; path = OrderEntity.swift; sourceTree = "<group>"; };
		69AE72FA2B3E11E00085902B /* AuthService.swift */ = {isa = PBXFileReference; lastKnownFileType = sourcecode.swift; path = AuthService.swift; sourceTree = "<group>"; };
		69AE72FD2B3E12360085902B /* ShowcaseProvider.swift */ = {isa = PBXFileReference; lastKnownFileType = sourcecode.swift; path = ShowcaseProvider.swift; sourceTree = "<group>"; };
		69AE73012B3E12500085902B /* CheckoutProvider.swift */ = {isa = PBXFileReference; lastKnownFileType = sourcecode.swift; path = CheckoutProvider.swift; sourceTree = "<group>"; };
		69AE73032B3E125F0085902B /* UserProvider.swift */ = {isa = PBXFileReference; lastKnownFileType = sourcecode.swift; path = UserProvider.swift; sourceTree = "<group>"; };
		69AE73182B3E145E0085902B /* RegisterFormView.swift */ = {isa = PBXFileReference; fileEncoding = 4; lastKnownFileType = sourcecode.swift; path = RegisterFormView.swift; sourceTree = "<group>"; };
		69AE73192B3E145E0085902B /* LoginFormView.swift */ = {isa = PBXFileReference; fileEncoding = 4; lastKnownFileType = sourcecode.swift; path = LoginFormView.swift; sourceTree = "<group>"; };
		69AE731A2B3E145E0085902B /* BrandButtonView.swift */ = {isa = PBXFileReference; fileEncoding = 4; lastKnownFileType = sourcecode.swift; path = BrandButtonView.swift; sourceTree = "<group>"; };
		69AE731E2B3E148F0085902B /* RegisterScreenView.swift */ = {isa = PBXFileReference; lastKnownFileType = sourcecode.swift; path = RegisterScreenView.swift; sourceTree = "<group>"; };
		69AE73202B3E14AB0085902B /* RegisterScreenViewModel.swift */ = {isa = PBXFileReference; lastKnownFileType = sourcecode.swift; path = RegisterScreenViewModel.swift; sourceTree = "<group>"; };
		69AE73222B3E16DA0085902B /* RootView.swift */ = {isa = PBXFileReference; lastKnownFileType = sourcecode.swift; path = RootView.swift; sourceTree = "<group>"; };
		69AE73242B3E16E60085902B /* RootViewModel.swift */ = {isa = PBXFileReference; lastKnownFileType = sourcecode.swift; path = RootViewModel.swift; sourceTree = "<group>"; };
		69AE732A2B3E1AE70085902B /* BrandColors.swift */ = {isa = PBXFileReference; lastKnownFileType = sourcecode.swift; path = BrandColors.swift; sourceTree = "<group>"; };
		69AE732D2B3E1D500085902B /* ColorExtensions.swift */ = {isa = PBXFileReference; lastKnownFileType = sourcecode.swift; path = ColorExtensions.swift; sourceTree = "<group>"; };
		69AE732F2B3F3F2E0085902B /* SearchBarView.swift */ = {isa = PBXFileReference; lastKnownFileType = sourcecode.swift; path = SearchBarView.swift; sourceTree = "<group>"; };
		69AE73312B3F476E0085902B /* ViewConstraints.swift */ = {isa = PBXFileReference; lastKnownFileType = sourcecode.swift; path = ViewConstraints.swift; sourceTree = "<group>"; };
		69AE73332B3F4A360085902B /* FiltersBarView.swift */ = {isa = PBXFileReference; lastKnownFileType = sourcecode.swift; path = FiltersBarView.swift; sourceTree = "<group>"; };
		69AE73352B408EF60085902B /* GoodsListView.swift */ = {isa = PBXFileReference; lastKnownFileType = sourcecode.swift; path = GoodsListView.swift; sourceTree = "<group>"; };
		69AE73372B408F290085902B /* GoodItemView.swift */ = {isa = PBXFileReference; lastKnownFileType = sourcecode.swift; path = GoodItemView.swift; sourceTree = "<group>"; };
		69AE73392B40B2C50085902B /* QuantityButtonView.swift */ = {isa = PBXFileReference; lastKnownFileType = sourcecode.swift; path = QuantityButtonView.swift; sourceTree = "<group>"; };
		69EA13542B4DEE13005152D6 /* Showcase.swift */ = {isa = PBXFileReference; lastKnownFileType = sourcecode.swift; path = Showcase.swift; sourceTree = "<group>"; };
		69EA13572B4DF151005152D6 /* Sorting.swift */ = {isa = PBXFileReference; lastKnownFileType = sourcecode.swift; path = Sorting.swift; sourceTree = "<group>"; };
		69FE32882B50A01B001EBDFC /* ChoiserViewModel.swift */ = {isa = PBXFileReference; lastKnownFileType = sourcecode.swift; path = ChoiserViewModel.swift; sourceTree = "<group>"; };
		69FE328A2B50A02C001EBDFC /* ChoiserView.swift */ = {isa = PBXFileReference; lastKnownFileType = sourcecode.swift; path = ChoiserView.swift; sourceTree = "<group>"; };
/* End PBXFileReference section */

/* Begin PBXFrameworksBuildPhase section */
		69AE72AD2B3E0E1E0085902B /* Frameworks */ = {
			isa = PBXFrameworksBuildPhase;
			buildActionMask = 2147483647;
			files = (
				69AE72CF2B3E0FB90085902B /* FirebaseAnalyticsSwift in Frameworks */,
				69EA133D2B4A28C8005152D6 /* RxCocoa-Dynamic in Frameworks */,
				69EA13372B4A28C8005152D6 /* RxBlocking in Frameworks */,
				69AE73132B3E13890085902B /* FirebaseAuth in Frameworks */,
				6941BCE22B4F3E4D000B8279 /* Algorithms in Frameworks */,
				699BCC2E2B4860770084155C /* Resolver in Frameworks */,
				69AE72CB2B3E0FB90085902B /* FirebaseAnalytics in Frameworks */,
				699BCC302B4860770084155C /* Resolver-Dynamic in Frameworks */,
				69EA13392B4A28C8005152D6 /* RxBlocking-Dynamic in Frameworks */,
				69AE72CD2B3E0FB90085902B /* FirebaseAnalyticsOnDeviceConversion in Frameworks */,
				69AE72D32B3E0FB90085902B /* FirebaseAppCheck in Frameworks */,
				69EA133B2B4A28C8005152D6 /* RxCocoa in Frameworks */,
				69AE72D12B3E0FB90085902B /* FirebaseAnalyticsWithoutAdIdSupport in Frameworks */,
				699BCC322B4860770084155C /* Resolver-Static in Frameworks */,
				69EA133F2B4A28C8005152D6 /* RxRelay in Frameworks */,
				69AE73152B3E138E0085902B /* FirebaseFirestore in Frameworks */,
			);
			runOnlyForDeploymentPostprocessing = 0;
		};
/* End PBXFrameworksBuildPhase section */

/* Begin PBXGroup section */
		6940AB362B51DD700032AEB0 /* ScreenHeader */ = {
			isa = PBXGroup;
			children = (
				6940AB372B51DD820032AEB0 /* ScreenHeaderView.swift */,
			);
			path = ScreenHeader;
			sourceTree = "<group>";
		};
		6940AB392B51DDE50032AEB0 /* GoodRow */ = {
			isa = PBXGroup;
			children = (
				6940AB3A2B51DE0B0032AEB0 /* GoodRowView.swift */,
			);
			path = GoodRow;
			sourceTree = "<group>";
		};
		6940AB3C2B51E0AB0032AEB0 /* SettingsRow */ = {
			isa = PBXGroup;
			children = (
				6940AB3D2B51E0BA0032AEB0 /* SettingsRowView.swift */,
			);
			path = SettingsRow;
			sourceTree = "<group>";
		};
		6940AB3F2B51EC130032AEB0 /* SingleSetting */ = {
			isa = PBXGroup;
			children = (
				6940AB402B51EC3D0032AEB0 /* SingleSettingView.swift */,
				6940AB4C2B54582D0032AEB0 /* BoxStyles.swift */,
			);
			path = SingleSetting;
			sourceTree = "<group>";
		};
		6940AB422B5440B90032AEB0 /* Adresses */ = {
			isa = PBXGroup;
			children = (
				6940AB432B5440CA0032AEB0 /* AdressesViewModel.swift */,
				6940AB452B5440D50032AEB0 /* AddressesView.swift */,
			);
			path = Adresses;
			sourceTree = "<group>";
		};
		6940AB472B5441420032AEB0 /* Payments */ = {
			isa = PBXGroup;
			children = (
				6940AB482B5441500032AEB0 /* PaymentsViewModel.swift */,
				6940AB4A2B54415F0032AEB0 /* PaymentsView.swift */,
			);
			path = Payments;
			sourceTree = "<group>";
		};
		699BCC242B4724DE0084155C /* Styles */ = {
			isa = PBXGroup;
			children = (
				699BCC252B4725110084155C /* BrandTextStyles.swift */,
			);
			path = Styles;
			sourceTree = "<group>";
		};
		69AE72A72B3E0E1E0085902B = {
			isa = PBXGroup;
			children = (
				69AE72B22B3E0E1E0085902B /* q-shop */,
				69AE72B12B3E0E1E0085902B /* Products */,
				69AE73112B3E13890085902B /* Frameworks */,
			);
			sourceTree = "<group>";
		};
		69AE72B12B3E0E1E0085902B /* Products */ = {
			isa = PBXGroup;
			children = (
				69AE72B02B3E0E1E0085902B /* q-shop.app */,
			);
			name = Products;
			sourceTree = "<group>";
		};
		69AE72B22B3E0E1E0085902B /* q-shop */ = {
			isa = PBXGroup;
			children = (
				69EA13562B4DF143005152D6 /* Enums */,
				69EA13402B4DBA3F005152D6 /* Other */,
				699BCC242B4724DE0084155C /* Styles */,
				69AE732C2B3E1D380085902B /* Extensions */,
				69AE73292B3E1AD70085902B /* Const */,
				69AE72B72B3E0E1E0085902B /* Assets.xcassets */,
				69AE72C72B3E0F700085902B /* GoogleService-Info.plist */,
				69AE72C22B3E0E370085902B /* Models */,
				69AE72B92B3E0E1E0085902B /* Preview Content */,
				69AE72FC2B3E121D0085902B /* Providers */,
				69AE72B32B3E0E1E0085902B /* q_shopApp.swift */,
				69AE72C12B3E0E280085902B /* Services */,
				69AE72C62B3E0E750085902B /* Views */,
			);
			path = "q-shop";
			sourceTree = "<group>";
		};
		69AE72B92B3E0E1E0085902B /* Preview Content */ = {
			isa = PBXGroup;
			children = (
				69AE72BA2B3E0E1E0085902B /* Preview Assets.xcassets */,
			);
			path = "Preview Content";
			sourceTree = "<group>";
		};
		69AE72C12B3E0E280085902B /* Services */ = {
			isa = PBXGroup;
			children = (
				69AE72FA2B3E11E00085902B /* AuthService.swift */,
			);
			path = Services;
			sourceTree = "<group>";
		};
		69AE72C22B3E0E370085902B /* Models */ = {
			isa = PBXGroup;
			children = (
				699182842B573401007E06EF /* CartEntity.swift */,
				69AE72F22B3E118B0085902B /* UserEntity.swift */,
				69AE72F42B3E11980085902B /* GoodEntity.swift */,
				69AE72F82B3E11C40085902B /* OrderEntity.swift */,
				69EA13542B4DEE13005152D6 /* Showcase.swift */,
				6940AB502B54721B0032AEB0 /* AddressesEntity.swift */,
				6940AB542B5481FF0032AEB0 /* PaymentAccountsEntity.swift */,
				6940AB562B548D650032AEB0 /* Address.swift */,
				6940AB582B5492360032AEB0 /* PaymentAccount.swift */,
			);
			path = Models;
			sourceTree = "<group>";
		};
		69AE72C62B3E0E750085902B /* Views */ = {
			isa = PBXGroup;
			children = (
				69EA134B2B4DBEBE005152D6 /* Root */,
				69AE72D52B3E100E0085902B /* Components */,
				69AE72D42B3E10030085902B /* Screens */,
			);
			path = Views;
			sourceTree = "<group>";
		};
		69AE72D42B3E10030085902B /* Screens */ = {
			isa = PBXGroup;
			children = (
				6940AB472B5441420032AEB0 /* Payments */,
				6940AB422B5440B90032AEB0 /* Adresses */,
				69EA134A2B4DBEAA005152D6 /* Profile */,
				69EA13492B4DBE9F005152D6 /* Register */,
				69EA13482B4DBE91005152D6 /* Checkout */,
				69EA13462B4DBE76005152D6 /* SingleGood */,
				69EA13452B4DBE67005152D6 /* Showcase */,
				69EA13442B4DBE52005152D6 /* Login */,
			);
			path = Screens;
			sourceTree = "<group>";
		};
		69AE72D52B3E100E0085902B /* Components */ = {
			isa = PBXGroup;
			children = (
				6940AB3F2B51EC130032AEB0 /* SingleSetting */,
				6940AB3C2B51E0AB0032AEB0 /* SettingsRow */,
				6940AB392B51DDE50032AEB0 /* GoodRow */,
				6940AB362B51DD700032AEB0 /* ScreenHeader */,
				69FE32872B50A004001EBDFC /* Choiser */,
				69EA134F2B4DBF23005152D6 /* SearchBar */,
				69EA134E2B4DBF1B005152D6 /* RegisterForm */,
				69EA134D2B4DBF04005152D6 /* LoginForm */,
				69EA134C2B4DBEF9005152D6 /* BrandButton */,
				69EA13502B4DBF2E005152D6 /* FiltersBar */,
				69EA13512B4DBF38005152D6 /* GoodsList */,
				69EA13522B4DBF3F005152D6 /* GoodItem */,
				69EA13532B4DBF4B005152D6 /* QuantityButton */,
			);
			path = Components;
			sourceTree = "<group>";
		};
		69AE72FC2B3E121D0085902B /* Providers */ = {
			isa = PBXGroup;
			children = (
				699182862B573411007E06EF /* CartProvider.swift */,
				69AE72FD2B3E12360085902B /* ShowcaseProvider.swift */,
				69AE73012B3E12500085902B /* CheckoutProvider.swift */,
				69AE73032B3E125F0085902B /* UserProvider.swift */,
				6940AB4E2B54716C0032AEB0 /* AddressesProvider.swift */,
				6940AB522B5481B60032AEB0 /* PaymentAccountsProvider.swift */,
			);
			path = Providers;
			sourceTree = "<group>";
		};
		69AE73112B3E13890085902B /* Frameworks */ = {
			isa = PBXGroup;
			children = (
			);
			name = Frameworks;
			sourceTree = "<group>";
		};
		69AE73292B3E1AD70085902B /* Const */ = {
			isa = PBXGroup;
			children = (
				69AE732A2B3E1AE70085902B /* BrandColors.swift */,
				69AE73312B3F476E0085902B /* ViewConstraints.swift */,
			);
			path = Const;
			sourceTree = "<group>";
		};
		69AE732C2B3E1D380085902B /* Extensions */ = {
			isa = PBXGroup;
			children = (
				69AE732D2B3E1D500085902B /* ColorExtensions.swift */,
				699BCC1F2B47216B0084155C /* TextExtensions.swift */,
				699182882B573523007E06EF /* ThreadExtensions.swift */,
			);
			path = Extensions;
			sourceTree = "<group>";
		};
		69EA13402B4DBA3F005152D6 /* Other */ = {
			isa = PBXGroup;
			children = (
			);
			path = Other;
			sourceTree = "<group>";
		};
		69EA13442B4DBE52005152D6 /* Login */ = {
			isa = PBXGroup;
			children = (
				69AE72E62B3E111B0085902B /* LoginScreenViewModel.swift */,
				69AE72D62B3E10250085902B /* LoginScreenView.swift */,
			);
			path = Login;
			sourceTree = "<group>";
		};
		69EA13452B4DBE67005152D6 /* Showcase */ = {
			isa = PBXGroup;
			children = (
				69AE72E82B3E11310085902B /* ShowcaseScreenViewModel.swift */,
				69AE72D92B3E10610085902B /* ShowcaseScreenView.swift */,
			);
			path = Showcase;
			sourceTree = "<group>";
		};
		69EA13462B4DBE76005152D6 /* SingleGood */ = {
			isa = PBXGroup;
			children = (
				69AE72EA2B3E11450085902B /* SingleGoodDetailsScreenViewModel.swift */,
				69AE72DD2B3E10B70085902B /* SingleGoodDetailsScreenView.swift */,
			);
			path = SingleGood;
			sourceTree = "<group>";
		};
		69EA13482B4DBE91005152D6 /* Checkout */ = {
			isa = PBXGroup;
			children = (
				69AE72F02B3E116A0085902B /* CheckoutScreenViewModel.swift */,
				69AE72E32B3E10EF0085902B /* CheckoutScreenView.swift */,
			);
			path = Checkout;
			sourceTree = "<group>";
		};
		69EA13492B4DBE9F005152D6 /* Register */ = {
			isa = PBXGroup;
			children = (
				69AE73202B3E14AB0085902B /* RegisterScreenViewModel.swift */,
				69AE731E2B3E148F0085902B /* RegisterScreenView.swift */,
			);
			path = Register;
			sourceTree = "<group>";
		};
		69EA134A2B4DBEAA005152D6 /* Profile */ = {
			isa = PBXGroup;
			children = (
				69AE72EC2B3E11510085902B /* ProfileScreenViewModel.swift */,
				69AE72DF2B3E10CF0085902B /* ProfileScreenView.swift */,
			);
			path = Profile;
			sourceTree = "<group>";
		};
		69EA134B2B4DBEBE005152D6 /* Root */ = {
			isa = PBXGroup;
			children = (
				69AE73242B3E16E60085902B /* RootViewModel.swift */,
				69AE73222B3E16DA0085902B /* RootView.swift */,
			);
			path = Root;
			sourceTree = "<group>";
		};
		69EA134C2B4DBEF9005152D6 /* BrandButton */ = {
			isa = PBXGroup;
			children = (
				69AE731A2B3E145E0085902B /* BrandButtonView.swift */,
			);
			path = BrandButton;
			sourceTree = "<group>";
		};
		69EA134D2B4DBF04005152D6 /* LoginForm */ = {
			isa = PBXGroup;
			children = (
				69AE73192B3E145E0085902B /* LoginFormView.swift */,
			);
			path = LoginForm;
			sourceTree = "<group>";
		};
		69EA134E2B4DBF1B005152D6 /* RegisterForm */ = {
			isa = PBXGroup;
			children = (
				69AE73182B3E145E0085902B /* RegisterFormView.swift */,
			);
			path = RegisterForm;
			sourceTree = "<group>";
		};
		69EA134F2B4DBF23005152D6 /* SearchBar */ = {
			isa = PBXGroup;
			children = (
				69AE732F2B3F3F2E0085902B /* SearchBarView.swift */,
			);
			path = SearchBar;
			sourceTree = "<group>";
		};
		69EA13502B4DBF2E005152D6 /* FiltersBar */ = {
			isa = PBXGroup;
			children = (
				69AE73332B3F4A360085902B /* FiltersBarView.swift */,
			);
			path = FiltersBar;
			sourceTree = "<group>";
		};
		69EA13512B4DBF38005152D6 /* GoodsList */ = {
			isa = PBXGroup;
			children = (
				69AE73352B408EF60085902B /* GoodsListView.swift */,
			);
			path = GoodsList;
			sourceTree = "<group>";
		};
		69EA13522B4DBF3F005152D6 /* GoodItem */ = {
			isa = PBXGroup;
			children = (
				69AE73372B408F290085902B /* GoodItemView.swift */,
			);
			path = GoodItem;
			sourceTree = "<group>";
		};
		69EA13532B4DBF4B005152D6 /* QuantityButton */ = {
			isa = PBXGroup;
			children = (
				69AE73392B40B2C50085902B /* QuantityButtonView.swift */,
			);
			path = QuantityButton;
			sourceTree = "<group>";
		};
		69EA13562B4DF143005152D6 /* Enums */ = {
			isa = PBXGroup;
			children = (
				69EA13572B4DF151005152D6 /* Sorting.swift */,
				6940AB5A2B54953E0032AEB0 /* PaymentMethod.swift */,
			);
			path = Enums;
			sourceTree = "<group>";
		};
		69FE32872B50A004001EBDFC /* Choiser */ = {
			isa = PBXGroup;
			children = (
				69FE32882B50A01B001EBDFC /* ChoiserViewModel.swift */,
				69FE328A2B50A02C001EBDFC /* ChoiserView.swift */,
			);
			path = Choiser;
			sourceTree = "<group>";
		};
/* End PBXGroup section */

/* Begin PBXNativeTarget section */
		69AE72AF2B3E0E1E0085902B /* q-shop */ = {
			isa = PBXNativeTarget;
			buildConfigurationList = 69AE72BE2B3E0E1E0085902B /* Build configuration list for PBXNativeTarget "q-shop" */;
			buildPhases = (
				69AE72AC2B3E0E1E0085902B /* Sources */,
				69AE72AD2B3E0E1E0085902B /* Frameworks */,
				69AE72AE2B3E0E1E0085902B /* Resources */,
			);
			buildRules = (
			);
			dependencies = (
			);
			name = "q-shop";
			packageProductDependencies = (
				69AE72CA2B3E0FB90085902B /* FirebaseAnalytics */,
				69AE72CC2B3E0FB90085902B /* FirebaseAnalyticsOnDeviceConversion */,
				69AE72CE2B3E0FB90085902B /* FirebaseAnalyticsSwift */,
				69AE72D02B3E0FB90085902B /* FirebaseAnalyticsWithoutAdIdSupport */,
				69AE72D22B3E0FB90085902B /* FirebaseAppCheck */,
				69AE73122B3E13890085902B /* FirebaseAuth */,
				69AE73142B3E138E0085902B /* FirebaseFirestore */,
				699BCC2D2B4860770084155C /* Resolver */,
				699BCC2F2B4860770084155C /* Resolver-Dynamic */,
				699BCC312B4860770084155C /* Resolver-Static */,
				69EA13362B4A28C8005152D6 /* RxBlocking */,
				69EA13382B4A28C8005152D6 /* RxBlocking-Dynamic */,
				69EA133A2B4A28C8005152D6 /* RxCocoa */,
				69EA133C2B4A28C8005152D6 /* RxCocoa-Dynamic */,
				69EA133E2B4A28C8005152D6 /* RxRelay */,
				6941BCE12B4F3E4D000B8279 /* Algorithms */,
			);
			productName = "q-shop";
			productReference = 69AE72B02B3E0E1E0085902B /* q-shop.app */;
			productType = "com.apple.product-type.application";
		};
/* End PBXNativeTarget section */

/* Begin PBXProject section */
		69AE72A82B3E0E1E0085902B /* Project object */ = {
			isa = PBXProject;
			attributes = {
				BuildIndependentTargetsInParallel = 1;
				LastSwiftUpdateCheck = 1510;
				LastUpgradeCheck = 1510;
				TargetAttributes = {
					69AE72AF2B3E0E1E0085902B = {
						CreatedOnToolsVersion = 15.1;
					};
				};
			};
			buildConfigurationList = 69AE72AB2B3E0E1E0085902B /* Build configuration list for PBXProject "q-shop" */;
			compatibilityVersion = "Xcode 14.0";
			developmentRegion = en;
			hasScannedForEncodings = 0;
			knownRegions = (
				en,
				Base,
			);
			mainGroup = 69AE72A72B3E0E1E0085902B;
			packageReferences = (
				69AE72C92B3E0FB90085902B /* XCRemoteSwiftPackageReference "firebase-ios-sdk" */,
				699BCC2C2B4860770084155C /* XCRemoteSwiftPackageReference "Resolver" */,
				69EA13322B4A12E1005152D6 /* XCRemoteSwiftPackageReference "ReSwift" */,
				69EA13352B4A28C8005152D6 /* XCRemoteSwiftPackageReference "RxSwift" */,
				6941BCE02B4F3E4D000B8279 /* XCRemoteSwiftPackageReference "swift-algorithms" */,
			);
			productRefGroup = 69AE72B12B3E0E1E0085902B /* Products */;
			projectDirPath = "";
			projectRoot = "";
			targets = (
				69AE72AF2B3E0E1E0085902B /* q-shop */,
			);
		};
/* End PBXProject section */

/* Begin PBXResourcesBuildPhase section */
		69AE72AE2B3E0E1E0085902B /* Resources */ = {
			isa = PBXResourcesBuildPhase;
			buildActionMask = 2147483647;
			files = (
				69AE72BB2B3E0E1E0085902B /* Preview Assets.xcassets in Resources */,
				69AE72B82B3E0E1E0085902B /* Assets.xcassets in Resources */,
				69AE72C82B3E0F700085902B /* GoogleService-Info.plist in Resources */,
			);
			runOnlyForDeploymentPostprocessing = 0;
		};
/* End PBXResourcesBuildPhase section */

/* Begin PBXSourcesBuildPhase section */
		69AE72AC2B3E0E1E0085902B /* Sources */ = {
			isa = PBXSourcesBuildPhase;
			buildActionMask = 2147483647;
			files = (
				699BCC202B47216B0084155C /* TextExtensions.swift in Sources */,
				69AE73342B3F4A360085902B /* FiltersBarView.swift in Sources */,
				69AE72F52B3E11980085902B /* GoodEntity.swift in Sources */,
				69AE73212B3E14AB0085902B /* RegisterScreenViewModel.swift in Sources */,
				6940AB572B548D650032AEB0 /* Address.swift in Sources */,
				6940AB4D2B54582D0032AEB0 /* BoxStyles.swift in Sources */,
				69AE73382B408F290085902B /* GoodItemView.swift in Sources */,
				69AE73362B408EF60085902B /* GoodsListView.swift in Sources */,
				6940AB462B5440D50032AEB0 /* AddressesView.swift in Sources */,
				6940AB3E2B51E0BA0032AEB0 /* SettingsRowView.swift in Sources */,
				69AE72ED2B3E11510085902B /* ProfileScreenViewModel.swift in Sources */,
				699BCC262B4725110084155C /* BrandTextStyles.swift in Sources */,
				6940AB4F2B54716C0032AEB0 /* AddressesProvider.swift in Sources */,
				69AE731D2B3E145E0085902B /* BrandButtonView.swift in Sources */,
				69AE73302B3F3F2E0085902B /* SearchBarView.swift in Sources */,
				6940AB512B54721B0032AEB0 /* AddressesEntity.swift in Sources */,
				69EA13582B4DF151005152D6 /* Sorting.swift in Sources */,
				6940AB592B5492360032AEB0 /* PaymentAccount.swift in Sources */,
				69EA13552B4DEE13005152D6 /* Showcase.swift in Sources */,
				6940AB412B51EC3D0032AEB0 /* SingleSettingView.swift in Sources */,
				69FE328B2B50A02C001EBDFC /* ChoiserView.swift in Sources */,
				699182892B573523007E06EF /* ThreadExtensions.swift in Sources */,
				6940AB492B5441500032AEB0 /* PaymentsViewModel.swift in Sources */,
				69AE72E92B3E11310085902B /* ShowcaseScreenViewModel.swift in Sources */,
				69AE732E2B3E1D500085902B /* ColorExtensions.swift in Sources */,
				69AE72FB2B3E11E00085902B /* AuthService.swift in Sources */,
				6940AB382B51DD820032AEB0 /* ScreenHeaderView.swift in Sources */,
				69AE73252B3E16E60085902B /* RootViewModel.swift in Sources */,
				69AE73022B3E12500085902B /* CheckoutProvider.swift in Sources */,
				69AE72D72B3E10250085902B /* LoginScreenView.swift in Sources */,
				69AE72E72B3E111B0085902B /* LoginScreenViewModel.swift in Sources */,
				69AE72B42B3E0E1E0085902B /* q_shopApp.swift in Sources */,
				6940AB532B5481B60032AEB0 /* PaymentAccountsProvider.swift in Sources */,
				69FE32892B50A01B001EBDFC /* ChoiserViewModel.swift in Sources */,
				6940AB3B2B51DE0B0032AEB0 /* GoodRowView.swift in Sources */,
				699182852B573402007E06EF /* CartEntity.swift in Sources */,
				69AE732B2B3E1AE70085902B /* BrandColors.swift in Sources */,
				69AE73232B3E16DA0085902B /* RootView.swift in Sources */,
				699182872B573411007E06EF /* CartProvider.swift in Sources */,
				6940AB5B2B54953E0032AEB0 /* PaymentMethod.swift in Sources */,
				6940AB442B5440CA0032AEB0 /* AdressesViewModel.swift in Sources */,
				69AE731F2B3E148F0085902B /* RegisterScreenView.swift in Sources */,
				6940AB4B2B54415F0032AEB0 /* PaymentsView.swift in Sources */,
				69AE72E42B3E10EF0085902B /* CheckoutScreenView.swift in Sources */,
				69AE73322B3F476E0085902B /* ViewConstraints.swift in Sources */,
				69AE733A2B40B2C50085902B /* QuantityButtonView.swift in Sources */,
				6940AB552B5481FF0032AEB0 /* PaymentAccountsEntity.swift in Sources */,
				69AE72F92B3E11C40085902B /* OrderEntity.swift in Sources */,
				69AE72DA2B3E10610085902B /* ShowcaseScreenView.swift in Sources */,
				69AE72F12B3E116A0085902B /* CheckoutScreenViewModel.swift in Sources */,
				69AE73042B3E125F0085902B /* UserProvider.swift in Sources */,
				69AE72E02B3E10CF0085902B /* ProfileScreenView.swift in Sources */,
				69AE731B2B3E145E0085902B /* RegisterFormView.swift in Sources */,
				69AE731C2B3E145E0085902B /* LoginFormView.swift in Sources */,
				69AE72DE2B3E10B70085902B /* SingleGoodDetailsScreenView.swift in Sources */,
				69AE72FE2B3E12360085902B /* ShowcaseProvider.swift in Sources */,
				69AE72F32B3E118B0085902B /* UserEntity.swift in Sources */,
				69AE72EB2B3E11450085902B /* SingleGoodDetailsScreenViewModel.swift in Sources */,
			);
			runOnlyForDeploymentPostprocessing = 0;
		};
/* End PBXSourcesBuildPhase section */

/* Begin XCBuildConfiguration section */
		69AE72BC2B3E0E1E0085902B /* Debug */ = {
			isa = XCBuildConfiguration;
			buildSettings = {
				ALWAYS_SEARCH_USER_PATHS = NO;
				ASSETCATALOG_COMPILER_GENERATE_SWIFT_ASSET_SYMBOL_EXTENSIONS = YES;
				CLANG_ANALYZER_NONNULL = YES;
				CLANG_ANALYZER_NUMBER_OBJECT_CONVERSION = YES_AGGRESSIVE;
				CLANG_CXX_LANGUAGE_STANDARD = "gnu++20";
				CLANG_ENABLE_MODULES = YES;
				CLANG_ENABLE_OBJC_ARC = YES;
				CLANG_ENABLE_OBJC_WEAK = YES;
				CLANG_WARN_BLOCK_CAPTURE_AUTORELEASING = YES;
				CLANG_WARN_BOOL_CONVERSION = YES;
				CLANG_WARN_COMMA = YES;
				CLANG_WARN_CONSTANT_CONVERSION = YES;
				CLANG_WARN_DEPRECATED_OBJC_IMPLEMENTATIONS = YES;
				CLANG_WARN_DIRECT_OBJC_ISA_USAGE = YES_ERROR;
				CLANG_WARN_DOCUMENTATION_COMMENTS = YES;
				CLANG_WARN_EMPTY_BODY = YES;
				CLANG_WARN_ENUM_CONVERSION = YES;
				CLANG_WARN_INFINITE_RECURSION = YES;
				CLANG_WARN_INT_CONVERSION = YES;
				CLANG_WARN_NON_LITERAL_NULL_CONVERSION = YES;
				CLANG_WARN_OBJC_IMPLICIT_RETAIN_SELF = YES;
				CLANG_WARN_OBJC_LITERAL_CONVERSION = YES;
				CLANG_WARN_OBJC_ROOT_CLASS = YES_ERROR;
				CLANG_WARN_QUOTED_INCLUDE_IN_FRAMEWORK_HEADER = YES;
				CLANG_WARN_RANGE_LOOP_ANALYSIS = YES;
				CLANG_WARN_STRICT_PROTOTYPES = YES;
				CLANG_WARN_SUSPICIOUS_MOVE = YES;
				CLANG_WARN_UNGUARDED_AVAILABILITY = YES_AGGRESSIVE;
				CLANG_WARN_UNREACHABLE_CODE = YES;
				CLANG_WARN__DUPLICATE_METHOD_MATCH = YES;
				COPY_PHASE_STRIP = NO;
				DEBUG_INFORMATION_FORMAT = dwarf;
				ENABLE_STRICT_OBJC_MSGSEND = YES;
				ENABLE_TESTABILITY = YES;
				ENABLE_USER_SCRIPT_SANDBOXING = YES;
				GCC_C_LANGUAGE_STANDARD = gnu17;
				GCC_DYNAMIC_NO_PIC = NO;
				GCC_NO_COMMON_BLOCKS = YES;
				GCC_OPTIMIZATION_LEVEL = 0;
				GCC_PREPROCESSOR_DEFINITIONS = (
					"DEBUG=1",
					"$(inherited)",
				);
				GCC_WARN_64_TO_32_BIT_CONVERSION = YES;
				GCC_WARN_ABOUT_RETURN_TYPE = YES_ERROR;
				GCC_WARN_UNDECLARED_SELECTOR = YES;
				GCC_WARN_UNINITIALIZED_AUTOS = YES_AGGRESSIVE;
				GCC_WARN_UNUSED_FUNCTION = YES;
				GCC_WARN_UNUSED_VARIABLE = YES;
				IPHONEOS_DEPLOYMENT_TARGET = 17.2;
				LOCALIZATION_PREFERS_STRING_CATALOGS = YES;
				MTL_ENABLE_DEBUG_INFO = INCLUDE_SOURCE;
				MTL_FAST_MATH = YES;
				ONLY_ACTIVE_ARCH = YES;
				SDKROOT = iphoneos;
				SWIFT_ACTIVE_COMPILATION_CONDITIONS = "DEBUG $(inherited)";
				SWIFT_OPTIMIZATION_LEVEL = "-Onone";
			};
			name = Debug;
		};
		69AE72BD2B3E0E1E0085902B /* Release */ = {
			isa = XCBuildConfiguration;
			buildSettings = {
				ALWAYS_SEARCH_USER_PATHS = NO;
				ASSETCATALOG_COMPILER_GENERATE_SWIFT_ASSET_SYMBOL_EXTENSIONS = YES;
				CLANG_ANALYZER_NONNULL = YES;
				CLANG_ANALYZER_NUMBER_OBJECT_CONVERSION = YES_AGGRESSIVE;
				CLANG_CXX_LANGUAGE_STANDARD = "gnu++20";
				CLANG_ENABLE_MODULES = YES;
				CLANG_ENABLE_OBJC_ARC = YES;
				CLANG_ENABLE_OBJC_WEAK = YES;
				CLANG_WARN_BLOCK_CAPTURE_AUTORELEASING = YES;
				CLANG_WARN_BOOL_CONVERSION = YES;
				CLANG_WARN_COMMA = YES;
				CLANG_WARN_CONSTANT_CONVERSION = YES;
				CLANG_WARN_DEPRECATED_OBJC_IMPLEMENTATIONS = YES;
				CLANG_WARN_DIRECT_OBJC_ISA_USAGE = YES_ERROR;
				CLANG_WARN_DOCUMENTATION_COMMENTS = YES;
				CLANG_WARN_EMPTY_BODY = YES;
				CLANG_WARN_ENUM_CONVERSION = YES;
				CLANG_WARN_INFINITE_RECURSION = YES;
				CLANG_WARN_INT_CONVERSION = YES;
				CLANG_WARN_NON_LITERAL_NULL_CONVERSION = YES;
				CLANG_WARN_OBJC_IMPLICIT_RETAIN_SELF = YES;
				CLANG_WARN_OBJC_LITERAL_CONVERSION = YES;
				CLANG_WARN_OBJC_ROOT_CLASS = YES_ERROR;
				CLANG_WARN_QUOTED_INCLUDE_IN_FRAMEWORK_HEADER = YES;
				CLANG_WARN_RANGE_LOOP_ANALYSIS = YES;
				CLANG_WARN_STRICT_PROTOTYPES = YES;
				CLANG_WARN_SUSPICIOUS_MOVE = YES;
				CLANG_WARN_UNGUARDED_AVAILABILITY = YES_AGGRESSIVE;
				CLANG_WARN_UNREACHABLE_CODE = YES;
				CLANG_WARN__DUPLICATE_METHOD_MATCH = YES;
				COPY_PHASE_STRIP = NO;
				DEBUG_INFORMATION_FORMAT = "dwarf-with-dsym";
				ENABLE_NS_ASSERTIONS = NO;
				ENABLE_STRICT_OBJC_MSGSEND = YES;
				ENABLE_USER_SCRIPT_SANDBOXING = YES;
				GCC_C_LANGUAGE_STANDARD = gnu17;
				GCC_NO_COMMON_BLOCKS = YES;
				GCC_WARN_64_TO_32_BIT_CONVERSION = YES;
				GCC_WARN_ABOUT_RETURN_TYPE = YES_ERROR;
				GCC_WARN_UNDECLARED_SELECTOR = YES;
				GCC_WARN_UNINITIALIZED_AUTOS = YES_AGGRESSIVE;
				GCC_WARN_UNUSED_FUNCTION = YES;
				GCC_WARN_UNUSED_VARIABLE = YES;
				IPHONEOS_DEPLOYMENT_TARGET = 17.2;
				LOCALIZATION_PREFERS_STRING_CATALOGS = YES;
				MTL_ENABLE_DEBUG_INFO = NO;
				MTL_FAST_MATH = YES;
				SDKROOT = iphoneos;
				SWIFT_COMPILATION_MODE = wholemodule;
				VALIDATE_PRODUCT = YES;
			};
			name = Release;
		};
		69AE72BF2B3E0E1E0085902B /* Debug */ = {
			isa = XCBuildConfiguration;
			buildSettings = {
				ASSETCATALOG_COMPILER_APPICON_NAME = AppIcon;
				ASSETCATALOG_COMPILER_GLOBAL_ACCENT_COLOR_NAME = AccentColor;
				CODE_SIGN_STYLE = Automatic;
				CURRENT_PROJECT_VERSION = 1;
				DEVELOPMENT_ASSET_PATHS = "\"q-shop/Preview Content\"";
				DEVELOPMENT_TEAM = 824393U22J;
				ENABLE_PREVIEWS = YES;
				GENERATE_INFOPLIST_FILE = YES;
				INFOPLIST_KEY_UIApplicationSceneManifest_Generation = YES;
				INFOPLIST_KEY_UIApplicationSupportsIndirectInputEvents = YES;
				INFOPLIST_KEY_UILaunchScreen_Generation = YES;
				INFOPLIST_KEY_UISupportedInterfaceOrientations = UIInterfaceOrientationPortrait;
				INFOPLIST_KEY_UISupportedInterfaceOrientations_iPad = "UIInterfaceOrientationLandscapeLeft UIInterfaceOrientationLandscapeRight UIInterfaceOrientationPortrait UIInterfaceOrientationPortraitUpsideDown";
				LD_RUNPATH_SEARCH_PATHS = (
					"$(inherited)",
					"@executable_path/Frameworks",
				);
				MARKETING_VERSION = 1.0;
				PRODUCT_BUNDLE_IDENTIFIER = "com.pashtitto.q-shop";
				PRODUCT_NAME = "$(TARGET_NAME)";
				SWIFT_EMIT_LOC_STRINGS = YES;
				SWIFT_VERSION = 5.0;
				TARGETED_DEVICE_FAMILY = "1,2";
			};
			name = Debug;
		};
		69AE72C02B3E0E1E0085902B /* Release */ = {
			isa = XCBuildConfiguration;
			buildSettings = {
				ASSETCATALOG_COMPILER_APPICON_NAME = AppIcon;
				ASSETCATALOG_COMPILER_GLOBAL_ACCENT_COLOR_NAME = AccentColor;
				CODE_SIGN_STYLE = Automatic;
				CURRENT_PROJECT_VERSION = 1;
				DEVELOPMENT_ASSET_PATHS = "\"q-shop/Preview Content\"";
				DEVELOPMENT_TEAM = 824393U22J;
				ENABLE_PREVIEWS = YES;
				GENERATE_INFOPLIST_FILE = YES;
				INFOPLIST_KEY_UIApplicationSceneManifest_Generation = YES;
				INFOPLIST_KEY_UIApplicationSupportsIndirectInputEvents = YES;
				INFOPLIST_KEY_UILaunchScreen_Generation = YES;
				INFOPLIST_KEY_UISupportedInterfaceOrientations = UIInterfaceOrientationPortrait;
				INFOPLIST_KEY_UISupportedInterfaceOrientations_iPad = "UIInterfaceOrientationLandscapeLeft UIInterfaceOrientationLandscapeRight UIInterfaceOrientationPortrait UIInterfaceOrientationPortraitUpsideDown";
				LD_RUNPATH_SEARCH_PATHS = (
					"$(inherited)",
					"@executable_path/Frameworks",
				);
				MARKETING_VERSION = 1.0;
				PRODUCT_BUNDLE_IDENTIFIER = "com.pashtitto.q-shop";
				PRODUCT_NAME = "$(TARGET_NAME)";
				SWIFT_EMIT_LOC_STRINGS = YES;
				SWIFT_VERSION = 5.0;
				TARGETED_DEVICE_FAMILY = "1,2";
			};
			name = Release;
		};
/* End XCBuildConfiguration section */

/* Begin XCConfigurationList section */
		69AE72AB2B3E0E1E0085902B /* Build configuration list for PBXProject "q-shop" */ = {
			isa = XCConfigurationList;
			buildConfigurations = (
				69AE72BC2B3E0E1E0085902B /* Debug */,
				69AE72BD2B3E0E1E0085902B /* Release */,
			);
			defaultConfigurationIsVisible = 0;
			defaultConfigurationName = Release;
		};
		69AE72BE2B3E0E1E0085902B /* Build configuration list for PBXNativeTarget "q-shop" */ = {
			isa = XCConfigurationList;
			buildConfigurations = (
				69AE72BF2B3E0E1E0085902B /* Debug */,
				69AE72C02B3E0E1E0085902B /* Release */,
			);
			defaultConfigurationIsVisible = 0;
			defaultConfigurationName = Release;
		};
/* End XCConfigurationList section */

/* Begin XCRemoteSwiftPackageReference section */
		6941BCE02B4F3E4D000B8279 /* XCRemoteSwiftPackageReference "swift-algorithms" */ = {
			isa = XCRemoteSwiftPackageReference;
			repositoryURL = "https://github.com/apple/swift-algorithms.git";
			requirement = {
				kind = upToNextMajorVersion;
				minimumVersion = 1.2.0;
			};
		};
		699BCC2C2B4860770084155C /* XCRemoteSwiftPackageReference "Resolver" */ = {
			isa = XCRemoteSwiftPackageReference;
			repositoryURL = "https://github.com/hmlongco/Resolver.git";
			requirement = {
				kind = exactVersion;
				version = 1.5.0;
			};
		};
		69AE72C92B3E0FB90085902B /* XCRemoteSwiftPackageReference "firebase-ios-sdk" */ = {
			isa = XCRemoteSwiftPackageReference;
			repositoryURL = "https://github.com/firebase/firebase-ios-sdk";
			requirement = {
				kind = upToNextMajorVersion;
				minimumVersion = 10.19.1;
			};
		};
		69EA13322B4A12E1005152D6 /* XCRemoteSwiftPackageReference "ReSwift" */ = {
			isa = XCRemoteSwiftPackageReference;
			repositoryURL = "https://github.com/ReSwift/ReSwift.git";
			requirement = {
				kind = upToNextMajorVersion;
				minimumVersion = 6.1.1;
			};
		};
		69EA13352B4A28C8005152D6 /* XCRemoteSwiftPackageReference "RxSwift" */ = {
			isa = XCRemoteSwiftPackageReference;
			repositoryURL = "https://github.com/ReactiveX/RxSwift.git";
			requirement = {
				kind = upToNextMajorVersion;
				minimumVersion = 6.6.0;
			};
		};
/* End XCRemoteSwiftPackageReference section */

/* Begin XCSwiftPackageProductDependency section */
		6941BCE12B4F3E4D000B8279 /* Algorithms */ = {
			isa = XCSwiftPackageProductDependency;
			package = 6941BCE02B4F3E4D000B8279 /* XCRemoteSwiftPackageReference "swift-algorithms" */;
			productName = Algorithms;
		};
		699BCC2D2B4860770084155C /* Resolver */ = {
			isa = XCSwiftPackageProductDependency;
			package = 699BCC2C2B4860770084155C /* XCRemoteSwiftPackageReference "Resolver" */;
			productName = Resolver;
		};
		699BCC2F2B4860770084155C /* Resolver-Dynamic */ = {
			isa = XCSwiftPackageProductDependency;
			package = 699BCC2C2B4860770084155C /* XCRemoteSwiftPackageReference "Resolver" */;
			productName = "Resolver-Dynamic";
		};
		699BCC312B4860770084155C /* Resolver-Static */ = {
			isa = XCSwiftPackageProductDependency;
			package = 699BCC2C2B4860770084155C /* XCRemoteSwiftPackageReference "Resolver" */;
			productName = "Resolver-Static";
		};
		69AE72CA2B3E0FB90085902B /* FirebaseAnalytics */ = {
			isa = XCSwiftPackageProductDependency;
			package = 69AE72C92B3E0FB90085902B /* XCRemoteSwiftPackageReference "firebase-ios-sdk" */;
			productName = FirebaseAnalytics;
		};
		69AE72CC2B3E0FB90085902B /* FirebaseAnalyticsOnDeviceConversion */ = {
			isa = XCSwiftPackageProductDependency;
			package = 69AE72C92B3E0FB90085902B /* XCRemoteSwiftPackageReference "firebase-ios-sdk" */;
			productName = FirebaseAnalyticsOnDeviceConversion;
		};
		69AE72CE2B3E0FB90085902B /* FirebaseAnalyticsSwift */ = {
			isa = XCSwiftPackageProductDependency;
			package = 69AE72C92B3E0FB90085902B /* XCRemoteSwiftPackageReference "firebase-ios-sdk" */;
			productName = FirebaseAnalyticsSwift;
		};
		69AE72D02B3E0FB90085902B /* FirebaseAnalyticsWithoutAdIdSupport */ = {
			isa = XCSwiftPackageProductDependency;
			package = 69AE72C92B3E0FB90085902B /* XCRemoteSwiftPackageReference "firebase-ios-sdk" */;
			productName = FirebaseAnalyticsWithoutAdIdSupport;
		};
		69AE72D22B3E0FB90085902B /* FirebaseAppCheck */ = {
			isa = XCSwiftPackageProductDependency;
			package = 69AE72C92B3E0FB90085902B /* XCRemoteSwiftPackageReference "firebase-ios-sdk" */;
			productName = FirebaseAppCheck;
		};
		69AE73122B3E13890085902B /* FirebaseAuth */ = {
			isa = XCSwiftPackageProductDependency;
			package = 69AE72C92B3E0FB90085902B /* XCRemoteSwiftPackageReference "firebase-ios-sdk" */;
			productName = FirebaseAuth;
		};
		69AE73142B3E138E0085902B /* FirebaseFirestore */ = {
			isa = XCSwiftPackageProductDependency;
			package = 69AE72C92B3E0FB90085902B /* XCRemoteSwiftPackageReference "firebase-ios-sdk" */;
			productName = FirebaseFirestore;
		};
		69EA13362B4A28C8005152D6 /* RxBlocking */ = {
			isa = XCSwiftPackageProductDependency;
			package = 69EA13352B4A28C8005152D6 /* XCRemoteSwiftPackageReference "RxSwift" */;
			productName = RxBlocking;
		};
		69EA13382B4A28C8005152D6 /* RxBlocking-Dynamic */ = {
			isa = XCSwiftPackageProductDependency;
			package = 69EA13352B4A28C8005152D6 /* XCRemoteSwiftPackageReference "RxSwift" */;
			productName = "RxBlocking-Dynamic";
		};
		69EA133A2B4A28C8005152D6 /* RxCocoa */ = {
			isa = XCSwiftPackageProductDependency;
			package = 69EA13352B4A28C8005152D6 /* XCRemoteSwiftPackageReference "RxSwift" */;
			productName = RxCocoa;
		};
		69EA133C2B4A28C8005152D6 /* RxCocoa-Dynamic */ = {
			isa = XCSwiftPackageProductDependency;
			package = 69EA13352B4A28C8005152D6 /* XCRemoteSwiftPackageReference "RxSwift" */;
			productName = "RxCocoa-Dynamic";
		};
		69EA133E2B4A28C8005152D6 /* RxRelay */ = {
			isa = XCSwiftPackageProductDependency;
			package = 69EA13352B4A28C8005152D6 /* XCRemoteSwiftPackageReference "RxSwift" */;
			productName = RxRelay;
		};
/* End XCSwiftPackageProductDependency section */
	};
	rootObject = 69AE72A82B3E0E1E0085902B /* Project object */;
}
